
Microsoft Visual Studio Solution File, Format Version 12.00
# Visual Studio 2012
Project("{2150E333-8FDC-42A3-9474-1A3956D46DE8}") = ".nuget", ".nuget", "{1D0944A8-022D-413B-85FB-08EFF9022E2B}"
	ProjectSection(SolutionItems) = preProject
		.nuget\NuGet.Config = .nuget\NuGet.Config
		.nuget\NuGet.exe = .nuget\NuGet.exe
		.nuget\NuGet.targets = .nuget\NuGet.targets
	EndProjectSection
EndProject
Project("{2150E333-8FDC-42A3-9474-1A3956D46DE8}") = "Solution Items", "Solution Items", "{F42C153A-BAFE-4B3D-B78B-B6F6BE6DD3C6}"
	ProjectSection(SolutionItems) = preProject
		.gitignore = .gitignore
		Etc\DeveloperDocs\DailyGitProcesses.md = Etc\DeveloperDocs\DailyGitProcesses.md
		GlobalAssemblyInfo.cs = GlobalAssemblyInfo.cs
		WE2013-settings.xml = WE2013-settings.xml
	EndProjectSection
EndProject
Project("{FAE04EC0-301F-11D3-BF4B-00C04F79EFBC}") = "UCosmic.Domain", "UCosmic.Domain\UCosmic.Domain.csproj", "{66444F14-2971-43DE-B0BB-75A926B6F191}"
EndProject
Project("{FAE04EC0-301F-11D3-BF4B-00C04F79EFBC}") = "UCosmic.Infrastructure", "UCosmic.Infrastructure\UCosmic.Infrastructure.csproj", "{D2F07B41-3AA3-46B0-A23D-2FCE1F402B09}"
EndProject
Project("{CC5FD16D-436D-48AD-A40C-5A424C6E3E79}") = "UCosmic.Azure", "UCosmic.Azure\UCosmic.Azure.ccproj", "{F8E86A95-A775-449F-A818-60D8AD4B1B0D}"
EndProject
Project("{FAE04EC0-301F-11D3-BF4B-00C04F79EFBC}") = "UCosmic.Web.Mvc", "UCosmic.Web.Mvc\UCosmic.Web.Mvc.csproj", "{57DDDCAD-3A84-4501-994C-B0326C625183}"
EndProject
Project("{FAE04EC0-301F-11D3-BF4B-00C04F79EFBC}") = "UCosmic.Work", "UCosmic.Work\UCosmic.Work.csproj", "{9FEA0633-ED91-4345-8B5B-0A28E216324C}"
EndProject
Project("{2150E333-8FDC-42A3-9474-1A3956D46DE8}") = "Deployment", "Deployment", "{B31B3F8D-8C32-4AAE-A6DD-2AF71F1B8F4C}"
EndProject
Global
	GlobalSection(SolutionConfigurationPlatforms) = preSolution
		Debug|Any CPU = Debug|Any CPU
		DebugBuildTs|Any CPU = DebugBuildTs|Any CPU
		Emulate|Any CPU = Emulate|Any CPU
		Release|Any CPU = Release|Any CPU
	EndGlobalSection
	GlobalSection(ProjectConfigurationPlatforms) = postSolution
		{66444F14-2971-43DE-B0BB-75A926B6F191}.Debug|Any CPU.ActiveCfg = Debug|Any CPU
		{66444F14-2971-43DE-B0BB-75A926B6F191}.Debug|Any CPU.Build.0 = Debug|Any CPU
		{66444F14-2971-43DE-B0BB-75A926B6F191}.DebugBuildTs|Any CPU.ActiveCfg = Debug|Any CPU
		{66444F14-2971-43DE-B0BB-75A926B6F191}.DebugBuildTs|Any CPU.Build.0 = Debug|Any CPU
		{66444F14-2971-43DE-B0BB-75A926B6F191}.Emulate|Any CPU.ActiveCfg = Emulate|Any CPU
		{66444F14-2971-43DE-B0BB-75A926B6F191}.Emulate|Any CPU.Build.0 = Emulate|Any CPU
		{66444F14-2971-43DE-B0BB-75A926B6F191}.Release|Any CPU.ActiveCfg = Release|Any CPU
		{66444F14-2971-43DE-B0BB-75A926B6F191}.Release|Any CPU.Build.0 = Release|Any CPU
		{D2F07B41-3AA3-46B0-A23D-2FCE1F402B09}.Debug|Any CPU.ActiveCfg = Debug|Any CPU
		{D2F07B41-3AA3-46B0-A23D-2FCE1F402B09}.Debug|Any CPU.Build.0 = Debug|Any CPU
		{D2F07B41-3AA3-46B0-A23D-2FCE1F402B09}.DebugBuildTs|Any CPU.ActiveCfg = Debug|Any CPU
		{D2F07B41-3AA3-46B0-A23D-2FCE1F402B09}.DebugBuildTs|Any CPU.Build.0 = Debug|Any CPU
		{D2F07B41-3AA3-46B0-A23D-2FCE1F402B09}.Emulate|Any CPU.ActiveCfg = Emulate|Any CPU
		{D2F07B41-3AA3-46B0-A23D-2FCE1F402B09}.Emulate|Any CPU.Build.0 = Emulate|Any CPU
		{D2F07B41-3AA3-46B0-A23D-2FCE1F402B09}.Release|Any CPU.ActiveCfg = Release|Any CPU
		{D2F07B41-3AA3-46B0-A23D-2FCE1F402B09}.Release|Any CPU.Build.0 = Release|Any CPU
		{F8E86A95-A775-449F-A818-60D8AD4B1B0D}.Debug|Any CPU.ActiveCfg = Debug|Any CPU
		{F8E86A95-A775-449F-A818-60D8AD4B1B0D}.DebugBuildTs|Any CPU.ActiveCfg = Debug|Any CPU
		{F8E86A95-A775-449F-A818-60D8AD4B1B0D}.Emulate|Any CPU.ActiveCfg = Emulate|Any CPU
		{F8E86A95-A775-449F-A818-60D8AD4B1B0D}.Emulate|Any CPU.Build.0 = Emulate|Any CPU
		{F8E86A95-A775-449F-A818-60D8AD4B1B0D}.Release|Any CPU.ActiveCfg = Release|Any CPU
		{F8E86A95-A775-449F-A818-60D8AD4B1B0D}.Release|Any CPU.Build.0 = Release|Any CPU
		{57DDDCAD-3A84-4501-994C-B0326C625183}.Debug|Any CPU.ActiveCfg = Debug|Any CPU
		{57DDDCAD-3A84-4501-994C-B0326C625183}.Debug|Any CPU.Build.0 = Debug|Any CPU
		{57DDDCAD-3A84-4501-994C-B0326C625183}.DebugBuildTs|Any CPU.ActiveCfg = DebugBuildTs|Any CPU
		{57DDDCAD-3A84-4501-994C-B0326C625183}.DebugBuildTs|Any CPU.Build.0 = DebugBuildTs|Any CPU
		{57DDDCAD-3A84-4501-994C-B0326C625183}.Emulate|Any CPU.ActiveCfg = Emulate|Any CPU
		{57DDDCAD-3A84-4501-994C-B0326C625183}.Emulate|Any CPU.Build.0 = Emulate|Any CPU
		{57DDDCAD-3A84-4501-994C-B0326C625183}.Release|Any CPU.ActiveCfg = Release|Any CPU
		{57DDDCAD-3A84-4501-994C-B0326C625183}.Release|Any CPU.Build.0 = Release|Any CPU
		{9FEA0633-ED91-4345-8B5B-0A28E216324C}.Debug|Any CPU.ActiveCfg = Debug|Any CPU
		{9FEA0633-ED91-4345-8B5B-0A28E216324C}.DebugBuildTs|Any CPU.ActiveCfg = Debug|Any CPU
		{9FEA0633-ED91-4345-8B5B-0A28E216324C}.Emulate|Any CPU.ActiveCfg = Emulate|Any CPU
		{9FEA0633-ED91-4345-8B5B-0A28E216324C}.Emulate|Any CPU.Build.0 = Emulate|Any CPU
		{9FEA0633-ED91-4345-8B5B-0A28E216324C}.Release|Any CPU.ActiveCfg = Release|Any CPU
		{9FEA0633-ED91-4345-8B5B-0A28E216324C}.Release|Any CPU.Build.0 = Release|Any CPU
	EndGlobalSection
	GlobalSection(SolutionProperties) = preSolution
		HideSolutionNode = FALSE
	EndGlobalSection
	GlobalSection(NestedProjects) = preSolution
		{9FEA0633-ED91-4345-8B5B-0A28E216324C} = {B31B3F8D-8C32-4AAE-A6DD-2AF71F1B8F4C}
		{F8E86A95-A775-449F-A818-60D8AD4B1B0D} = {B31B3F8D-8C32-4AAE-A6DD-2AF71F1B8F4C}
	EndGlobalSection
EndGlobal
